
Microsoft Visual Studio Solution File, Format Version 11.00
# Visual Studio 2010
Project("{FAE04EC0-301F-11D3-BF4B-00C04F79EFBC}") = "Gamion", "Assembly-CSharp.csproj", "{3524004A-4441-1EEC-AD72-B86C4CC9DD62}"
EndProject
Project("{FAE04EC0-301F-11D3-BF4B-00C04F79EFBC}") = "Gamion", "Assembly-CSharp-Editor.csproj", "{234C0A43-1825-1A27-545D-612DCD7F8862}"
EndProject
Global
	GlobalSection(SolutionConfigurationPlatforms) = preSolution
		Debug|Any CPU = Debug|Any CPU
		Release|Any CPU = Release|Any CPU
	EndGlobalSection
	GlobalSection(ProjectConfigurationPlatforms) = postSolution
		{3524004A-4441-1EEC-AD72-B86C4CC9DD62}.Debug|Any CPU.ActiveCfg = Debug|Any CPU
		{3524004A-4441-1EEC-AD72-B86C4CC9DD62}.Debug|Any CPU.Build.0 = Debug|Any CPU
		{3524004A-4441-1EEC-AD72-B86C4CC9DD62}.Release|Any CPU.ActiveCfg = Release|Any CPU
		{3524004A-4441-1EEC-AD72-B86C4CC9DD62}.Release|Any CPU.Build.0 = Release|Any CPU
		{234C0A43-1825-1A27-545D-612DCD7F8862}.Debug|Any CPU.ActiveCfg = Debug|Any CPU
		{234C0A43-1825-1A27-545D-612DCD7F8862}.Debug|Any CPU.Build.0 = Debug|Any CPU
		{234C0A43-1825-1A27-545D-612DCD7F8862}.Release|Any CPU.ActiveCfg = Release|Any CPU
		{234C0A43-1825-1A27-545D-612DCD7F8862}.Release|Any CPU.Build.0 = Release|Any CPU
	EndGlobalSection
	GlobalSection(SolutionProperties) = preSolution
		HideSolutionNode = FALSE
	EndGlobalSection
	GlobalSection(MonoDevelopProperties) = preSolution
		StartupItem = Assembly-CSharp.csproj
	EndGlobalSection
EndGlobal
